
Microsoft Visual Studio Solution File, Format Version 12.00
# Visual Studio Version 17
VisualStudioVersion = 17.0.31903.59
MinimumVisualStudioVersion = 10.0.40219.1
Project("{2150E333-8FDC-42A3-9474-1A3956D46DE8}") = "src", "src", "{827E0CD3-B72D-47B6-A68D-7590B98EB39B}"
EndProject
Project("{FAE04EC0-301F-11D3-BF4B-00C04F79EFBC}") = "DevcraftWMS.Api", "src\DevcraftWMS.Api\DevcraftWMS.Api.csproj", "{FB591DA4-F17B-455B-B5B4-22BF074040DE}"
EndProject
Project("{FAE04EC0-301F-11D3-BF4B-00C04F79EFBC}") = "DevcraftWMS.Application", "src\DevcraftWMS.Application\DevcraftWMS.Application.csproj", "{91EC2FEE-E301-473D-AC21-7AB71D798C46}"
EndProject
Project("{FAE04EC0-301F-11D3-BF4B-00C04F79EFBC}") = "DevcraftWMS.DemoMvc", "src\DevcraftWMS.DemoMvc\DevcraftWMS.DemoMvc.csproj", "{518AA2A6-367A-4297-84D1-83CCD6ACC1CD}"
EndProject
Project("{FAE04EC0-301F-11D3-BF4B-00C04F79EFBC}") = "DevcraftWMS.Domain", "src\DevcraftWMS.Domain\DevcraftWMS.Domain.csproj", "{9B8E16E6-35B6-4C49-AE26-E6BFDF29572C}"
EndProject
Project("{FAE04EC0-301F-11D3-BF4B-00C04F79EFBC}") = "DevcraftWMS.Infrastructure", "src\DevcraftWMS.Infrastructure\DevcraftWMS.Infrastructure.csproj", "{28992B97-813C-4163-9BF3-DA57F5239C9C}"
EndProject
Project("{FAE04EC0-301F-11D3-BF4B-00C04F79EFBC}") = "DevcraftWMS.Portal", "src\DevcraftWMS.Portal\DevcraftWMS.Portal.csproj", "{1539059F-7227-4A09-93AA-D5F7FE2D803F}"
EndProject
Project("{FAE04EC0-301F-11D3-BF4B-00C04F79EFBC}") = "DevcraftWMS.Portaria", "src\DevcraftWMS.Portaria\DevcraftWMS.Portaria.csproj", "{615C397F-3126-492C-922E-A92E736A836B}"
EndProject
Project("{FAE04EC0-301F-11D3-BF4B-00C04F79EFBC}") = "DevcraftWMS.Tests.Integration", "tests\DevcraftWMS.Tests.Integration\DevcraftWMS.Tests.Integration.csproj", "{A9BE627B-8C34-4A0E-BB65-70208EB41E06}"
EndProject
Project("{FAE04EC0-301F-11D3-BF4B-00C04F79EFBC}") = "DevcraftWMS.Tests.Unit", "tests\DevcraftWMS.Tests.Unit\DevcraftWMS.Tests.Unit.csproj", "{64223455-2F0F-405B-8589-3CE89D01DEF9}"
EndProject
Global
	GlobalSection(SolutionConfigurationPlatforms) = preSolution
		Debug|Any CPU = Debug|Any CPU
		Debug|x64 = Debug|x64
		Debug|x86 = Debug|x86
		Release|Any CPU = Release|Any CPU
		Release|x64 = Release|x64
		Release|x86 = Release|x86
	EndGlobalSection
	GlobalSection(ProjectConfigurationPlatforms) = postSolution
		{FB591DA4-F17B-455B-B5B4-22BF074040DE}.Debug|Any CPU.ActiveCfg = Debug|Any CPU
		{FB591DA4-F17B-455B-B5B4-22BF074040DE}.Debug|Any CPU.Build.0 = Debug|Any CPU
		{FB591DA4-F17B-455B-B5B4-22BF074040DE}.Debug|x64.ActiveCfg = Debug|Any CPU
		{FB591DA4-F17B-455B-B5B4-22BF074040DE}.Debug|x64.Build.0 = Debug|Any CPU
		{FB591DA4-F17B-455B-B5B4-22BF074040DE}.Debug|x86.ActiveCfg = Debug|Any CPU
		{FB591DA4-F17B-455B-B5B4-22BF074040DE}.Debug|x86.Build.0 = Debug|Any CPU
		{FB591DA4-F17B-455B-B5B4-22BF074040DE}.Release|Any CPU.ActiveCfg = Release|Any CPU
		{FB591DA4-F17B-455B-B5B4-22BF074040DE}.Release|Any CPU.Build.0 = Release|Any CPU
		{FB591DA4-F17B-455B-B5B4-22BF074040DE}.Release|x64.ActiveCfg = Release|Any CPU
		{FB591DA4-F17B-455B-B5B4-22BF074040DE}.Release|x64.Build.0 = Release|Any CPU
		{FB591DA4-F17B-455B-B5B4-22BF074040DE}.Release|x86.ActiveCfg = Release|Any CPU
		{FB591DA4-F17B-455B-B5B4-22BF074040DE}.Release|x86.Build.0 = Release|Any CPU
		{91EC2FEE-E301-473D-AC21-7AB71D798C46}.Debug|Any CPU.ActiveCfg = Debug|Any CPU
		{91EC2FEE-E301-473D-AC21-7AB71D798C46}.Debug|Any CPU.Build.0 = Debug|Any CPU
		{91EC2FEE-E301-473D-AC21-7AB71D798C46}.Debug|x64.ActiveCfg = Debug|Any CPU
		{91EC2FEE-E301-473D-AC21-7AB71D798C46}.Debug|x64.Build.0 = Debug|Any CPU
		{91EC2FEE-E301-473D-AC21-7AB71D798C46}.Debug|x86.ActiveCfg = Debug|Any CPU
		{91EC2FEE-E301-473D-AC21-7AB71D798C46}.Debug|x86.Build.0 = Debug|Any CPU
		{91EC2FEE-E301-473D-AC21-7AB71D798C46}.Release|Any CPU.ActiveCfg = Release|Any CPU
		{91EC2FEE-E301-473D-AC21-7AB71D798C46}.Release|Any CPU.Build.0 = Release|Any CPU
		{91EC2FEE-E301-473D-AC21-7AB71D798C46}.Release|x64.ActiveCfg = Release|Any CPU
		{91EC2FEE-E301-473D-AC21-7AB71D798C46}.Release|x64.Build.0 = Release|Any CPU
		{91EC2FEE-E301-473D-AC21-7AB71D798C46}.Release|x86.ActiveCfg = Release|Any CPU
		{91EC2FEE-E301-473D-AC21-7AB71D798C46}.Release|x86.Build.0 = Release|Any CPU
		{518AA2A6-367A-4297-84D1-83CCD6ACC1CD}.Debug|Any CPU.ActiveCfg = Debug|Any CPU
		{518AA2A6-367A-4297-84D1-83CCD6ACC1CD}.Debug|Any CPU.Build.0 = Debug|Any CPU
		{518AA2A6-367A-4297-84D1-83CCD6ACC1CD}.Debug|x64.ActiveCfg = Debug|Any CPU
		{518AA2A6-367A-4297-84D1-83CCD6ACC1CD}.Debug|x64.Build.0 = Debug|Any CPU
		{518AA2A6-367A-4297-84D1-83CCD6ACC1CD}.Debug|x86.ActiveCfg = Debug|Any CPU
		{518AA2A6-367A-4297-84D1-83CCD6ACC1CD}.Debug|x86.Build.0 = Debug|Any CPU
		{518AA2A6-367A-4297-84D1-83CCD6ACC1CD}.Release|Any CPU.ActiveCfg = Release|Any CPU
		{518AA2A6-367A-4297-84D1-83CCD6ACC1CD}.Release|Any CPU.Build.0 = Release|Any CPU
		{518AA2A6-367A-4297-84D1-83CCD6ACC1CD}.Release|x64.ActiveCfg = Release|Any CPU
		{518AA2A6-367A-4297-84D1-83CCD6ACC1CD}.Release|x64.Build.0 = Release|Any CPU
		{518AA2A6-367A-4297-84D1-83CCD6ACC1CD}.Release|x86.ActiveCfg = Release|Any CPU
		{518AA2A6-367A-4297-84D1-83CCD6ACC1CD}.Release|x86.Build.0 = Release|Any CPU
		{9B8E16E6-35B6-4C49-AE26-E6BFDF29572C}.Debug|Any CPU.ActiveCfg = Debug|Any CPU
		{9B8E16E6-35B6-4C49-AE26-E6BFDF29572C}.Debug|Any CPU.Build.0 = Debug|Any CPU
		{9B8E16E6-35B6-4C49-AE26-E6BFDF29572C}.Debug|x64.ActiveCfg = Debug|Any CPU
		{9B8E16E6-35B6-4C49-AE26-E6BFDF29572C}.Debug|x64.Build.0 = Debug|Any CPU
		{9B8E16E6-35B6-4C49-AE26-E6BFDF29572C}.Debug|x86.ActiveCfg = Debug|Any CPU
		{9B8E16E6-35B6-4C49-AE26-E6BFDF29572C}.Debug|x86.Build.0 = Debug|Any CPU
		{9B8E16E6-35B6-4C49-AE26-E6BFDF29572C}.Release|Any CPU.ActiveCfg = Release|Any CPU
		{9B8E16E6-35B6-4C49-AE26-E6BFDF29572C}.Release|Any CPU.Build.0 = Release|Any CPU
		{9B8E16E6-35B6-4C49-AE26-E6BFDF29572C}.Release|x64.ActiveCfg = Release|Any CPU
		{9B8E16E6-35B6-4C49-AE26-E6BFDF29572C}.Release|x64.Build.0 = Release|Any CPU
		{9B8E16E6-35B6-4C49-AE26-E6BFDF29572C}.Release|x86.ActiveCfg = Release|Any CPU
		{9B8E16E6-35B6-4C49-AE26-E6BFDF29572C}.Release|x86.Build.0 = Release|Any CPU
		{28992B97-813C-4163-9BF3-DA57F5239C9C}.Debug|Any CPU.ActiveCfg = Debug|Any CPU
		{28992B97-813C-4163-9BF3-DA57F5239C9C}.Debug|Any CPU.Build.0 = Debug|Any CPU
		{28992B97-813C-4163-9BF3-DA57F5239C9C}.Debug|x64.ActiveCfg = Debug|Any CPU
		{28992B97-813C-4163-9BF3-DA57F5239C9C}.Debug|x64.Build.0 = Debug|Any CPU
		{28992B97-813C-4163-9BF3-DA57F5239C9C}.Debug|x86.ActiveCfg = Debug|Any CPU
		{28992B97-813C-4163-9BF3-DA57F5239C9C}.Debug|x86.Build.0 = Debug|Any CPU
		{28992B97-813C-4163-9BF3-DA57F5239C9C}.Release|Any CPU.ActiveCfg = Release|Any CPU
		{28992B97-813C-4163-9BF3-DA57F5239C9C}.Release|Any CPU.Build.0 = Release|Any CPU
		{28992B97-813C-4163-9BF3-DA57F5239C9C}.Release|x64.ActiveCfg = Release|Any CPU
		{28992B97-813C-4163-9BF3-DA57F5239C9C}.Release|x64.Build.0 = Release|Any CPU
		{28992B97-813C-4163-9BF3-DA57F5239C9C}.Release|x86.ActiveCfg = Release|Any CPU
		{28992B97-813C-4163-9BF3-DA57F5239C9C}.Release|x86.Build.0 = Release|Any CPU
		{1539059F-7227-4A09-93AA-D5F7FE2D803F}.Debug|Any CPU.ActiveCfg = Debug|Any CPU
		{1539059F-7227-4A09-93AA-D5F7FE2D803F}.Debug|Any CPU.Build.0 = Debug|Any CPU
		{1539059F-7227-4A09-93AA-D5F7FE2D803F}.Debug|x64.ActiveCfg = Debug|Any CPU
		{1539059F-7227-4A09-93AA-D5F7FE2D803F}.Debug|x64.Build.0 = Debug|Any CPU
		{1539059F-7227-4A09-93AA-D5F7FE2D803F}.Debug|x86.ActiveCfg = Debug|Any CPU
		{1539059F-7227-4A09-93AA-D5F7FE2D803F}.Debug|x86.Build.0 = Debug|Any CPU
		{1539059F-7227-4A09-93AA-D5F7FE2D803F}.Release|Any CPU.ActiveCfg = Release|Any CPU
		{1539059F-7227-4A09-93AA-D5F7FE2D803F}.Release|Any CPU.Build.0 = Release|Any CPU
		{1539059F-7227-4A09-93AA-D5F7FE2D803F}.Release|x64.ActiveCfg = Release|Any CPU
		{1539059F-7227-4A09-93AA-D5F7FE2D803F}.Release|x64.Build.0 = Release|Any CPU
		{1539059F-7227-4A09-93AA-D5F7FE2D803F}.Release|x86.ActiveCfg = Release|Any CPU
		{1539059F-7227-4A09-93AA-D5F7FE2D803F}.Release|x86.Build.0 = Release|Any CPU
		{615C397F-3126-492C-922E-A92E736A836B}.Debug|Any CPU.ActiveCfg = Debug|Any CPU
		{615C397F-3126-492C-922E-A92E736A836B}.Debug|Any CPU.Build.0 = Debug|Any CPU
		{615C397F-3126-492C-922E-A92E736A836B}.Debug|x64.ActiveCfg = Debug|Any CPU
		{615C397F-3126-492C-922E-A92E736A836B}.Debug|x64.Build.0 = Debug|Any CPU
		{615C397F-3126-492C-922E-A92E736A836B}.Debug|x86.ActiveCfg = Debug|Any CPU
		{615C397F-3126-492C-922E-A92E736A836B}.Debug|x86.Build.0 = Debug|Any CPU
		{615C397F-3126-492C-922E-A92E736A836B}.Release|Any CPU.ActiveCfg = Release|Any CPU
		{615C397F-3126-492C-922E-A92E736A836B}.Release|Any CPU.Build.0 = Release|Any CPU
		{615C397F-3126-492C-922E-A92E736A836B}.Release|x64.ActiveCfg = Release|Any CPU
		{615C397F-3126-492C-922E-A92E736A836B}.Release|x64.Build.0 = Release|Any CPU
		{615C397F-3126-492C-922E-A92E736A836B}.Release|x86.ActiveCfg = Release|Any CPU
		{615C397F-3126-492C-922E-A92E736A836B}.Release|x86.Build.0 = Release|Any CPU
		{A9BE627B-8C34-4A0E-BB65-70208EB41E06}.Debug|Any CPU.ActiveCfg = Debug|Any CPU
		{A9BE627B-8C34-4A0E-BB65-70208EB41E06}.Debug|Any CPU.Build.0 = Debug|Any CPU
		{A9BE627B-8C34-4A0E-BB65-70208EB41E06}.Debug|x64.ActiveCfg = Debug|Any CPU
		{A9BE627B-8C34-4A0E-BB65-70208EB41E06}.Debug|x64.Build.0 = Debug|Any CPU
		{A9BE627B-8C34-4A0E-BB65-70208EB41E06}.Debug|x86.ActiveCfg = Debug|Any CPU
		{A9BE627B-8C34-4A0E-BB65-70208EB41E06}.Debug|x86.Build.0 = Debug|Any CPU
		{A9BE627B-8C34-4A0E-BB65-70208EB41E06}.Release|Any CPU.ActiveCfg = Release|Any CPU
		{A9BE627B-8C34-4A0E-BB65-70208EB41E06}.Release|Any CPU.Build.0 = Release|Any CPU
		{A9BE627B-8C34-4A0E-BB65-70208EB41E06}.Release|x64.ActiveCfg = Release|Any CPU
		{A9BE627B-8C34-4A0E-BB65-70208EB41E06}.Release|x64.Build.0 = Release|Any CPU
		{A9BE627B-8C34-4A0E-BB65-70208EB41E06}.Release|x86.ActiveCfg = Release|Any CPU
		{A9BE627B-8C34-4A0E-BB65-70208EB41E06}.Release|x86.Build.0 = Release|Any CPU
		{64223455-2F0F-405B-8589-3CE89D01DEF9}.Debug|Any CPU.ActiveCfg = Debug|Any CPU
		{64223455-2F0F-405B-8589-3CE89D01DEF9}.Debug|Any CPU.Build.0 = Debug|Any CPU
		{64223455-2F0F-405B-8589-3CE89D01DEF9}.Debug|x64.ActiveCfg = Debug|Any CPU
		{64223455-2F0F-405B-8589-3CE89D01DEF9}.Debug|x64.Build.0 = Debug|Any CPU
		{64223455-2F0F-405B-8589-3CE89D01DEF9}.Debug|x86.ActiveCfg = Debug|Any CPU
		{64223455-2F0F-405B-8589-3CE89D01DEF9}.Debug|x86.Build.0 = Debug|Any CPU
		{64223455-2F0F-405B-8589-3CE89D01DEF9}.Release|Any CPU.ActiveCfg = Release|Any CPU
		{64223455-2F0F-405B-8589-3CE89D01DEF9}.Release|Any CPU.Build.0 = Release|Any CPU
		{64223455-2F0F-405B-8589-3CE89D01DEF9}.Release|x64.ActiveCfg = Release|Any CPU
		{64223455-2F0F-405B-8589-3CE89D01DEF9}.Release|x64.Build.0 = Release|Any CPU
		{64223455-2F0F-405B-8589-3CE89D01DEF9}.Release|x86.ActiveCfg = Release|Any CPU
		{64223455-2F0F-405B-8589-3CE89D01DEF9}.Release|x86.Build.0 = Release|Any CPU
	EndGlobalSection
	GlobalSection(SolutionProperties) = preSolution
		HideSolutionNode = FALSE
	EndGlobalSection
	GlobalSection(NestedProjects) = preSolution
		{FB591DA4-F17B-455B-B5B4-22BF074040DE} = {827E0CD3-B72D-47B6-A68D-7590B98EB39B}
		{91EC2FEE-E301-473D-AC21-7AB71D798C46} = {827E0CD3-B72D-47B6-A68D-7590B98EB39B}
		{518AA2A6-367A-4297-84D1-83CCD6ACC1CD} = {827E0CD3-B72D-47B6-A68D-7590B98EB39B}
		{9B8E16E6-35B6-4C49-AE26-E6BFDF29572C} = {827E0CD3-B72D-47B6-A68D-7590B98EB39B}
		{28992B97-813C-4163-9BF3-DA57F5239C9C} = {827E0CD3-B72D-47B6-A68D-7590B98EB39B}
		{1539059F-7227-4A09-93AA-D5F7FE2D803F} = {827E0CD3-B72D-47B6-A68D-7590B98EB39B}
		{615C397F-3126-492C-922E-A92E736A836B} = {827E0CD3-B72D-47B6-A68D-7590B98EB39B}
		{A9BE627B-8C34-4A0E-BB65-70208EB41E06} = {827E0CD3-B72D-47B6-A68D-7590B98EB39B}
		{64223455-2F0F-405B-8589-3CE89D01DEF9} = {827E0CD3-B72D-47B6-A68D-7590B98EB39B}
	EndGlobalSection
EndGlobal
